// !$*UTF8*$!
{
	archiveVersion = 1;
	classes = {
	};
	objectVersion = 46;
	objects = {

/* Begin PBXBuildFile section */
		4470D9561A26DCEB000B3F19 /* CircleCenterAnnotation.m in Sources */ = {isa = PBXBuildFile; fileRef = 4470D94F1A26DCEB000B3F19 /* CircleCenterAnnotation.m */; };
		4470D9571A26DCEB000B3F19 /* CircleHandleAnnotation.m in Sources */ = {isa = PBXBuildFile; fileRef = 4470D9511A26DCEB000B3F19 /* CircleHandleAnnotation.m */; };
		4470D9581A26DCEB000B3F19 /* CircleMapOverlay.m in Sources */ = {isa = PBXBuildFile; fileRef = 4470D9531A26DCEB000B3F19 /* CircleMapOverlay.m */; };
		4470D9591A26DCEB000B3F19 /* CircularAnnotationManager.m in Sources */ = {isa = PBXBuildFile; fileRef = 4470D9551A26DCEB000B3F19 /* CircularAnnotationManager.m */; };
		449B9A5C1A2565E100AB1858 /* main.m in Sources */ = {isa = PBXBuildFile; fileRef = 449B9A5B1A2565E100AB1858 /* main.m */; };
		449B9A5F1A2565E100AB1858 /* AppDelegate.m in Sources */ = {isa = PBXBuildFile; fileRef = 449B9A5E1A2565E100AB1858 /* AppDelegate.m */; };
		449B9A621A2565E100AB1858 /* MovingCircleMapView.xcdatamodeld in Sources */ = {isa = PBXBuildFile; fileRef = 449B9A601A2565E100AB1858 /* MovingCircleMapView.xcdatamodeld */; };
		449B9A651A2565E100AB1858 /* ViewController.m in Sources */ = {isa = PBXBuildFile; fileRef = 449B9A641A2565E100AB1858 /* ViewController.m */; };
		449B9A681A2565E100AB1858 /* Main.storyboard in Resources */ = {isa = PBXBuildFile; fileRef = 449B9A661A2565E100AB1858 /* Main.storyboard */; };
		449B9A6A1A2565E100AB1858 /* Images.xcassets in Resources */ = {isa = PBXBuildFile; fileRef = 449B9A691A2565E100AB1858 /* Images.xcassets */; };
		449B9A6D1A2565E100AB1858 /* LaunchScreen.xib in Resources */ = {isa = PBXBuildFile; fileRef = 449B9A6B1A2565E100AB1858 /* LaunchScreen.xib */; };
		449B9A791A2565E100AB1858 /* MovingCircleMapViewTests.m in Sources */ = {isa = PBXBuildFile; fileRef = 449B9A781A2565E100AB1858 /* MovingCircleMapViewTests.m */; };
		449B9A831A25664F00AB1858 /* MapKit.framework in Frameworks */ = {isa = PBXBuildFile; fileRef = 449B9A821A25664F00AB1858 /* MapKit.framework */; };
/* End PBXBuildFile section */

/* Begin PBXContainerItemProxy section */
		449B9A731A2565E100AB1858 /* PBXContainerItemProxy */ = {
			isa = PBXContainerItemProxy;
			containerPortal = 449B9A4E1A2565E100AB1858 /* Project object */;
			proxyType = 1;
			remoteGlobalIDString = 449B9A551A2565E100AB1858;
			remoteInfo = MovingCircleMapView;
		};
/* End PBXContainerItemProxy section */

/* Begin PBXFileReference section */
		4470D94E1A26DCEB000B3F19 /* CircleCenterAnnotation.h */ = {isa = PBXFileReference; fileEncoding = 4; lastKnownFileType = sourcecode.c.h; path = CircleCenterAnnotation.h; sourceTree = "<group>"; };
		4470D94F1A26DCEB000B3F19 /* CircleCenterAnnotation.m */ = {isa = PBXFileReference; fileEncoding = 4; lastKnownFileType = sourcecode.c.objc; path = CircleCenterAnnotation.m; sourceTree = "<group>"; };
		4470D9501A26DCEB000B3F19 /* CircleHandleAnnotation.h */ = {isa = PBXFileReference; fileEncoding = 4; lastKnownFileType = sourcecode.c.h; path = CircleHandleAnnotation.h; sourceTree = "<group>"; };
		4470D9511A26DCEB000B3F19 /* CircleHandleAnnotation.m */ = {isa = PBXFileReference; fileEncoding = 4; lastKnownFileType = sourcecode.c.objc; path = CircleHandleAnnotation.m; sourceTree = "<group>"; };
		4470D9521A26DCEB000B3F19 /* CircleMapOverlay.h */ = {isa = PBXFileReference; fileEncoding = 4; lastKnownFileType = sourcecode.c.h; path = CircleMapOverlay.h; sourceTree = "<group>"; };
		4470D9531A26DCEB000B3F19 /* CircleMapOverlay.m */ = {isa = PBXFileReference; fileEncoding = 4; lastKnownFileType = sourcecode.c.objc; path = CircleMapOverlay.m; sourceTree = "<group>"; };
		4470D9541A26DCEB000B3F19 /* CircularAnnotationManager.h */ = {isa = PBXFileReference; fileEncoding = 4; lastKnownFileType = sourcecode.c.h; path = CircularAnnotationManager.h; sourceTree = "<group>"; };
		4470D9551A26DCEB000B3F19 /* CircularAnnotationManager.m */ = {isa = PBXFileReference; fileEncoding = 4; lastKnownFileType = sourcecode.c.objc; path = CircularAnnotationManager.m; sourceTree = "<group>"; };
		449B9A561A2565E100AB1858 /* MovingCircleMapView.app */ = {isa = PBXFileReference; explicitFileType = wrapper.application; includeInIndex = 0; path = MovingCircleMapView.app; sourceTree = BUILT_PRODUCTS_DIR; };
		449B9A5A1A2565E100AB1858 /* Info.plist */ = {isa = PBXFileReference; lastKnownFileType = text.plist.xml; path = Info.plist; sourceTree = "<group>"; };
		449B9A5B1A2565E100AB1858 /* main.m */ = {isa = PBXFileReference; lastKnownFileType = sourcecode.c.objc; path = main.m; sourceTree = "<group>"; };
		449B9A5D1A2565E100AB1858 /* AppDelegate.h */ = {isa = PBXFileReference; lastKnownFileType = sourcecode.c.h; path = AppDelegate.h; sourceTree = "<group>"; };
		449B9A5E1A2565E100AB1858 /* AppDelegate.m */ = {isa = PBXFileReference; lastKnownFileType = sourcecode.c.objc; path = AppDelegate.m; sourceTree = "<group>"; };
		449B9A611A2565E100AB1858 /* MovingCircleMapView.xcdatamodel */ = {isa = PBXFileReference; lastKnownFileType = wrapper.xcdatamodel; path = MovingCircleMapView.xcdatamodel; sourceTree = "<group>"; };
		449B9A631A2565E100AB1858 /* ViewController.h */ = {isa = PBXFileReference; lastKnownFileType = sourcecode.c.h; path = ViewController.h; sourceTree = "<group>"; };
		449B9A641A2565E100AB1858 /* ViewController.m */ = {isa = PBXFileReference; lastKnownFileType = sourcecode.c.objc; path = ViewController.m; sourceTree = "<group>"; };
		449B9A671A2565E100AB1858 /* Base */ = {isa = PBXFileReference; lastKnownFileType = file.storyboard; name = Base; path = Base.lproj/Main.storyboard; sourceTree = "<group>"; };
		449B9A691A2565E100AB1858 /* Images.xcassets */ = {isa = PBXFileReference; lastKnownFileType = folder.assetcatalog; path = Images.xcassets; sourceTree = "<group>"; };
		449B9A6C1A2565E100AB1858 /* Base */ = {isa = PBXFileReference; lastKnownFileType = file.xib; name = Base; path = Base.lproj/LaunchScreen.xib; sourceTree = "<group>"; };
		449B9A721A2565E100AB1858 /* MovingCircleMapViewTests.xctest */ = {isa = PBXFileReference; explicitFileType = wrapper.cfbundle; includeInIndex = 0; path = MovingCircleMapViewTests.xctest; sourceTree = BUILT_PRODUCTS_DIR; };
		449B9A771A2565E100AB1858 /* Info.plist */ = {isa = PBXFileReference; lastKnownFileType = text.plist.xml; path = Info.plist; sourceTree = "<group>"; };
		449B9A781A2565E100AB1858 /* MovingCircleMapViewTests.m */ = {isa = PBXFileReference; lastKnownFileType = sourcecode.c.objc; path = MovingCircleMapViewTests.m; sourceTree = "<group>"; };
		449B9A821A25664F00AB1858 /* MapKit.framework */ = {isa = PBXFileReference; lastKnownFileType = wrapper.framework; name = MapKit.framework; path = System/Library/Frameworks/MapKit.framework; sourceTree = SDKROOT; };
/* End PBXFileReference section */

/* Begin PBXFrameworksBuildPhase section */
		449B9A531A2565E100AB1858 /* Frameworks */ = {
			isa = PBXFrameworksBuildPhase;
			buildActionMask = 2147483647;
			files = (
				449B9A831A25664F00AB1858 /* MapKit.framework in Frameworks */,
			);
			runOnlyForDeploymentPostprocessing = 0;
		};
		449B9A6F1A2565E100AB1858 /* Frameworks */ = {
			isa = PBXFrameworksBuildPhase;
			buildActionMask = 2147483647;
			files = (
			);
			runOnlyForDeploymentPostprocessing = 0;
		};
/* End PBXFrameworksBuildPhase section */

/* Begin PBXGroup section */
		4470D94D1A26DCEB000B3F19 /* ios-MovingCircleMapView */ = {
			isa = PBXGroup;
			children = (
				4470D94E1A26DCEB000B3F19 /* CircleCenterAnnotation.h */,
				4470D94F1A26DCEB000B3F19 /* CircleCenterAnnotation.m */,
				4470D9501A26DCEB000B3F19 /* CircleHandleAnnotation.h */,
				4470D9511A26DCEB000B3F19 /* CircleHandleAnnotation.m */,
				4470D9521A26DCEB000B3F19 /* CircleMapOverlay.h */,
				4470D9531A26DCEB000B3F19 /* CircleMapOverlay.m */,
				4470D9541A26DCEB000B3F19 /* CircularAnnotationManager.h */,
				4470D9551A26DCEB000B3F19 /* CircularAnnotationManager.m */,
			);
			path = "ios-MovingCircleMapView";
			sourceTree = "<group>";
		};
		449B9A4D1A2565E100AB1858 = {
			isa = PBXGroup;
			children = (
				449B9A821A25664F00AB1858 /* MapKit.framework */,
				449B9A581A2565E100AB1858 /* MovingCircleMapView */,
				449B9A751A2565E100AB1858 /* MovingCircleMapViewTests */,
				449B9A571A2565E100AB1858 /* Products */,
			);
			sourceTree = "<group>";
		};
		449B9A571A2565E100AB1858 /* Products */ = {
			isa = PBXGroup;
			children = (
				449B9A561A2565E100AB1858 /* MovingCircleMapView.app */,
				449B9A721A2565E100AB1858 /* MovingCircleMapViewTests.xctest */,
			);
			name = Products;
			sourceTree = "<group>";
		};
		449B9A581A2565E100AB1858 /* MovingCircleMapView */ = {
			isa = PBXGroup;
			children = (
				4470D94D1A26DCEB000B3F19 /* ios-MovingCircleMapView */,
				449B9A5D1A2565E100AB1858 /* AppDelegate.h */,
				449B9A5E1A2565E100AB1858 /* AppDelegate.m */,
				449B9A631A2565E100AB1858 /* ViewController.h */,
				449B9A641A2565E100AB1858 /* ViewController.m */,
				449B9A661A2565E100AB1858 /* Main.storyboard */,
				449B9A691A2565E100AB1858 /* Images.xcassets */,
				449B9A6B1A2565E100AB1858 /* LaunchScreen.xib */,
				449B9A601A2565E100AB1858 /* MovingCircleMapView.xcdatamodeld */,
				449B9A591A2565E100AB1858 /* Supporting Files */,
			);
			path = MovingCircleMapView;
			sourceTree = "<group>";
		};
		449B9A591A2565E100AB1858 /* Supporting Files */ = {
			isa = PBXGroup;
			children = (
				449B9A5A1A2565E100AB1858 /* Info.plist */,
				449B9A5B1A2565E100AB1858 /* main.m */,
			);
			name = "Supporting Files";
			sourceTree = "<group>";
		};
		449B9A751A2565E100AB1858 /* MovingCircleMapViewTests */ = {
			isa = PBXGroup;
			children = (
				449B9A781A2565E100AB1858 /* MovingCircleMapViewTests.m */,
				449B9A761A2565E100AB1858 /* Supporting Files */,
			);
			path = MovingCircleMapViewTests;
			sourceTree = "<group>";
		};
		449B9A761A2565E100AB1858 /* Supporting Files */ = {
			isa = PBXGroup;
			children = (
				449B9A771A2565E100AB1858 /* Info.plist */,
			);
			name = "Supporting Files";
			sourceTree = "<group>";
		};
/* End PBXGroup section */

/* Begin PBXNativeTarget section */
		449B9A551A2565E100AB1858 /* MovingCircleMapView */ = {
			isa = PBXNativeTarget;
			buildConfigurationList = 449B9A7C1A2565E100AB1858 /* Build configuration list for PBXNativeTarget "MovingCircleMapView" */;
			buildPhases = (
				449B9A521A2565E100AB1858 /* Sources */,
				449B9A531A2565E100AB1858 /* Frameworks */,
				449B9A541A2565E100AB1858 /* Resources */,
			);
			buildRules = (
			);
			dependencies = (
			);
			name = MovingCircleMapView;
			productName = MovingCircleMapView;
			productReference = 449B9A561A2565E100AB1858 /* MovingCircleMapView.app */;
			productType = "com.apple.product-type.application";
		};
		449B9A711A2565E100AB1858 /* MovingCircleMapViewTests */ = {
			isa = PBXNativeTarget;
			buildConfigurationList = 449B9A7F1A2565E100AB1858 /* Build configuration list for PBXNativeTarget "MovingCircleMapViewTests" */;
			buildPhases = (
				449B9A6E1A2565E100AB1858 /* Sources */,
				449B9A6F1A2565E100AB1858 /* Frameworks */,
				449B9A701A2565E100AB1858 /* Resources */,
			);
			buildRules = (
			);
			dependencies = (
				449B9A741A2565E100AB1858 /* PBXTargetDependency */,
			);
			name = MovingCircleMapViewTests;
			productName = MovingCircleMapViewTests;
			productReference = 449B9A721A2565E100AB1858 /* MovingCircleMapViewTests.xctest */;
			productType = "com.apple.product-type.bundle.unit-test";
		};
/* End PBXNativeTarget section */

/* Begin PBXProject section */
		449B9A4E1A2565E100AB1858 /* Project object */ = {
			isa = PBXProject;
			attributes = {
				LastUpgradeCheck = 0610;
				ORGANIZATIONNAME = CL;
				TargetAttributes = {
					449B9A551A2565E100AB1858 = {
						CreatedOnToolsVersion = 6.1;
					};
					449B9A711A2565E100AB1858 = {
						CreatedOnToolsVersion = 6.1;
						TestTargetID = 449B9A551A2565E100AB1858;
					};
				};
			};
			buildConfigurationList = 449B9A511A2565E100AB1858 /* Build configuration list for PBXProject "MovingCircleMapView" */;
			compatibilityVersion = "Xcode 3.2";
			developmentRegion = English;
			hasScannedForEncodings = 0;
			knownRegions = (
				en,
				Base,
			);
			mainGroup = 449B9A4D1A2565E100AB1858;
			productRefGroup = 449B9A571A2565E100AB1858 /* Products */;
			projectDirPath = "";
			projectRoot = "";
			targets = (
				449B9A551A2565E100AB1858 /* MovingCircleMapView */,
				449B9A711A2565E100AB1858 /* MovingCircleMapViewTests */,
			);
		};
/* End PBXProject section */

/* Begin PBXResourcesBuildPhase section */
		449B9A541A2565E100AB1858 /* Resources */ = {
			isa = PBXResourcesBuildPhase;
			buildActionMask = 2147483647;
			files = (
				449B9A681A2565E100AB1858 /* Main.storyboard in Resources */,
				449B9A6D1A2565E100AB1858 /* LaunchScreen.xib in Resources */,
				449B9A6A1A2565E100AB1858 /* Images.xcassets in Resources */,
			);
			runOnlyForDeploymentPostprocessing = 0;
		};
		449B9A701A2565E100AB1858 /* Resources */ = {
			isa = PBXResourcesBuildPhase;
			buildActionMask = 2147483647;
			files = (
			);
			runOnlyForDeploymentPostprocessing = 0;
		};
/* End PBXResourcesBuildPhase section */

/* Begin PBXSourcesBuildPhase section */
		449B9A521A2565E100AB1858 /* Sources */ = {
			isa = PBXSourcesBuildPhase;
			buildActionMask = 2147483647;
			files = (
				4470D9581A26DCEB000B3F19 /* CircleMapOverlay.m in Sources */,
				4470D9591A26DCEB000B3F19 /* CircularAnnotationManager.m in Sources */,
				4470D9561A26DCEB000B3F19 /* CircleCenterAnnotation.m in Sources */,
				449B9A621A2565E100AB1858 /* MovingCircleMapView.xcdatamodeld in Sources */,
				4470D9571A26DCEB000B3F19 /* CircleHandleAnnotation.m in Sources */,
				449B9A5F1A2565E100AB1858 /* AppDelegate.m in Sources */,
				449B9A651A2565E100AB1858 /* ViewController.m in Sources */,
				449B9A5C1A2565E100AB1858 /* main.m in Sources */,
			);
			runOnlyForDeploymentPostprocessing = 0;
		};
		449B9A6E1A2565E100AB1858 /* Sources */ = {
			isa = PBXSourcesBuildPhase;
			buildActionMask = 2147483647;
			files = (
				449B9A791A2565E100AB1858 /* MovingCircleMapViewTests.m in Sources */,
			);
			runOnlyForDeploymentPostprocessing = 0;
		};
/* End PBXSourcesBuildPhase section */

/* Begin PBXTargetDependency section */
		449B9A741A2565E100AB1858 /* PBXTargetDependency */ = {
			isa = PBXTargetDependency;
			target = 449B9A551A2565E100AB1858 /* MovingCircleMapView */;
			targetProxy = 449B9A731A2565E100AB1858 /* PBXContainerItemProxy */;
		};
/* End PBXTargetDependency section */

/* Begin PBXVariantGroup section */
		449B9A661A2565E100AB1858 /* Main.storyboard */ = {
			isa = PBXVariantGroup;
			children = (
				449B9A671A2565E100AB1858 /* Base */,
			);
			name = Main.storyboard;
			sourceTree = "<group>";
		};
		449B9A6B1A2565E100AB1858 /* LaunchScreen.xib */ = {
			isa = PBXVariantGroup;
			children = (
				449B9A6C1A2565E100AB1858 /* Base */,
			);
			name = LaunchScreen.xib;
			sourceTree = "<group>";
		};
/* End PBXVariantGroup section */

/* Begin XCBuildConfiguration section */
		449B9A7A1A2565E100AB1858 /* Debug */ = {
			isa = XCBuildConfiguration;
			buildSettings = {
				ALWAYS_SEARCH_USER_PATHS = NO;
				CLANG_CXX_LANGUAGE_STANDARD = "gnu++0x";
				CLANG_CXX_LIBRARY = "libc++";
				CLANG_ENABLE_MODULES = YES;
				CLANG_ENABLE_OBJC_ARC = YES;
				CLANG_WARN_BOOL_CONVERSION = YES;
				CLANG_WARN_CONSTANT_CONVERSION = YES;
				CLANG_WARN_DIRECT_OBJC_ISA_USAGE = YES_ERROR;
				CLANG_WARN_EMPTY_BODY = YES;
				CLANG_WARN_ENUM_CONVERSION = YES;
				CLANG_WARN_INT_CONVERSION = YES;
				CLANG_WARN_OBJC_ROOT_CLASS = YES_ERROR;
				CLANG_WARN_UNREACHABLE_CODE = YES;
				CLANG_WARN__DUPLICATE_METHOD_MATCH = YES;
				"CODE_SIGN_IDENTITY[sdk=iphoneos*]" = "iPhone Developer";
				COPY_PHASE_STRIP = NO;
				ENABLE_STRICT_OBJC_MSGSEND = YES;
				GCC_C_LANGUAGE_STANDARD = gnu99;
				GCC_DYNAMIC_NO_PIC = NO;
				GCC_OPTIMIZATION_LEVEL = 0;
				GCC_PREPROCESSOR_DEFINITIONS = (
					"DEBUG=1",
					"$(inherited)",
				);
				GCC_SYMBOLS_PRIVATE_EXTERN = NO;
				GCC_WARN_64_TO_32_BIT_CONVERSION = YES;
				GCC_WARN_ABOUT_RETURN_TYPE = YES_ERROR;
				GCC_WARN_UNDECLARED_SELECTOR = YES;
				GCC_WARN_UNINITIALIZED_AUTOS = YES_AGGRESSIVE;
				GCC_WARN_UNUSED_FUNCTION = YES;
				GCC_WARN_UNUSED_VARIABLE = YES;
				IPHONEOS_DEPLOYMENT_TARGET = 8.1;
				MTL_ENABLE_DEBUG_INFO = YES;
				ONLY_ACTIVE_ARCH = YES;
				SDKROOT = iphoneos;
				TARGETED_DEVICE_FAMILY = "1,2";
			};
			name = Debug;
		};
		449B9A7B1A2565E100AB1858 /* Release */ = {
			isa = XCBuildConfiguration;
			buildSettings = {
				ALWAYS_SEARCH_USER_PATHS = NO;
				CLANG_CXX_LANGUAGE_STANDARD = "gnu++0x";
				CLANG_CXX_LIBRARY = "libc++";
				CLANG_ENABLE_MODULES = YES;
				CLANG_ENABLE_OBJC_ARC = YES;
				CLANG_WARN_BOOL_CONVERSION = YES;
				CLANG_WARN_CONSTANT_CONVERSION = YES;
				CLANG_WARN_DIRECT_OBJC_ISA_USAGE = YES_ERROR;
				CLANG_WARN_EMPTY_BODY = YES;
				CLANG_WARN_ENUM_CONVERSION = YES;
				CLANG_WARN_INT_CONVERSION = YES;
				CLANG_WARN_OBJC_ROOT_CLASS = YES_ERROR;
				CLANG_WARN_UNREACHABLE_CODE = YES;
				CLANG_WARN__DUPLICATE_METHOD_MATCH = YES;
				"CODE_SIGN_IDENTITY[sdk=iphoneos*]" = "iPhone Developer";
				COPY_PHASE_STRIP = YES;
				ENABLE_NS_ASSERTIONS = NO;
				ENABLE_STRICT_OBJC_MSGSEND = YES;
				GCC_C_LANGUAGE_STANDARD = gnu99;
				GCC_WARN_64_TO_32_BIT_CONVERSION = YES;
				GCC_WARN_ABOUT_RETURN_TYPE = YES_ERROR;
				GCC_WARN_UNDECLARED_SELECTOR = YES;
				GCC_WARN_UNINITIALIZED_AUTOS = YES_AGGRESSIVE;
				GCC_WARN_UNUSED_FUNCTION = YES;
				GCC_WARN_UNUSED_VARIABLE = YES;
				IPHONEOS_DEPLOYMENT_TARGET = 8.1;
				MTL_ENABLE_DEBUG_INFO = NO;
				SDKROOT = iphoneos;
				TARGETED_DEVICE_FAMILY = "1,2";
				VALIDATE_PRODUCT = YES;
			};
			name = Release;
		};
		449B9A7D1A2565E100AB1858 /* Debug */ = {
			isa = XCBuildConfiguration;
			buildSettings = {
				ASSETCATALOG_COMPILER_APPICON_NAME = AppIcon;
				INFOPLIST_FILE = MovingCircleMapView/Info.plist;
				LD_RUNPATH_SEARCH_PATHS = "$(inherited) @executable_path/Frameworks";
				PRODUCT_NAME = "$(TARGET_NAME)";
			};
			name = Debug;
		};
		449B9A7E1A2565E100AB1858 /* Release */ = {
			isa = XCBuildConfiguration;
			buildSettings = {
				ASSETCATALOG_COMPILER_APPICON_NAME = AppIcon;
				INFOPLIST_FILE = MovingCircleMapView/Info.plist;
				LD_RUNPATH_SEARCH_PATHS = "$(inherited) @executable_path/Frameworks";
				PRODUCT_NAME = "$(TARGET_NAME)";
			};
			name = Release;
		};
		449B9A801A2565E100AB1858 /* Debug */ = {
			isa = XCBuildConfiguration;
			buildSettings = {
				BUNDLE_LOADER = "$(TEST_HOST)";
				FRAMEWORK_SEARCH_PATHS = (
					"$(SDKROOT)/Developer/Library/Frameworks",
					"$(inherited)",
				);
				GCC_PREPROCESSOR_DEFINITIONS = (
					"DEBUG=1",
					"$(inherited)",
				);
				INFOPLIST_FILE = MovingCircleMapViewTests/Info.plist;
				LD_RUNPATH_SEARCH_PATHS = "$(inherited) @executable_path/Frameworks @loader_path/Frameworks";
				PRODUCT_NAME = "$(TARGET_NAME)";
				TEST_HOST = "$(BUILT_PRODUCTS_DIR)/MovingCircleMapView.app/MovingCircleMapView";
			};
			name = Debug;
		};
		449B9A811A2565E100AB1858 /* Release */ = {
			isa = XCBuildConfiguration;
			buildSettings = {
				BUNDLE_LOADER = "$(TEST_HOST)";
				FRAMEWORK_SEARCH_PATHS = (
					"$(SDKROOT)/Developer/Library/Frameworks",
					"$(inherited)",
				);
				INFOPLIST_FILE = MovingCircleMapViewTests/Info.plist;
				LD_RUNPATH_SEARCH_PATHS = "$(inherited) @executable_path/Frameworks @loader_path/Frameworks";
				PRODUCT_NAME = "$(TARGET_NAME)";
				TEST_HOST = "$(BUILT_PRODUCTS_DIR)/MovingCircleMapView.app/MovingCircleMapView";
			};
			name = Release;
		};
/* End XCBuildConfiguration section */

/* Begin XCConfigurationList section */
		449B9A511A2565E100AB1858 /* Build configuration list for PBXProject "MovingCircleMapView" */ = {
			isa = XCConfigurationList;
			buildConfigurations = (
				449B9A7A1A2565E100AB1858 /* Debug */,
				449B9A7B1A2565E100AB1858 /* Release */,
			);
			defaultConfigurationIsVisible = 0;
			defaultConfigurationName = Release;
		};
		449B9A7C1A2565E100AB1858 /* Build configuration list for PBXNativeTarget "MovingCircleMapView" */ = {
			isa = XCConfigurationList;
			buildConfigurations = (
				449B9A7D1A2565E100AB1858 /* Debug */,
				449B9A7E1A2565E100AB1858 /* Release */,
			);
			defaultConfigurationIsVisible = 0;
			defaultConfigurationName = Release;
		};
		449B9A7F1A2565E100AB1858 /* Build configuration list for PBXNativeTarget "MovingCircleMapViewTests" */ = {
			isa = XCConfigurationList;
			buildConfigurations = (
				449B9A801A2565E100AB1858 /* Debug */,
				449B9A811A2565E100AB1858 /* Release */,
			);
			defaultConfigurationIsVisible = 0;
			defaultConfigurationName = Release;
		};
/* End XCConfigurationList section */

/* Begin XCVersionGroup section */
		449B9A601A2565E100AB1858 /* MovingCircleMapView.xcdatamodeld */ = {
			isa = XCVersionGroup;
			children = (
				449B9A611A2565E100AB1858 /* MovingCircleMapView.xcdatamodel */,
			);
			currentVersion = 449B9A611A2565E100AB1858 /* MovingCircleMapView.xcdatamodel */;
			path = MovingCircleMapView.xcdatamodeld;
			sourceTree = "<group>";
			versionGroupType = wrapper.xcdatamodel;
		};
/* End XCVersionGroup section */
	};
	rootObject = 449B9A4E1A2565E100AB1858 /* Project object */;
}
